// !$*UTF8*$!
{
	archiveVersion = 1;
	classes = {
	};
	objectVersion = 46;
	objects = {

/* Begin PBXBuildFile section */
		BFB892441E2F9CFF00FA9129 /* AppDelegate.swift in Sources */ = {isa = PBXBuildFile; fileRef = BFB892431E2F9CFF00FA9129 /* AppDelegate.swift */; };
		BFB892461E2F9CFF00FA9129 /* ViewController.swift in Sources */ = {isa = PBXBuildFile; fileRef = BFB892451E2F9CFF00FA9129 /* ViewController.swift */; };
		BFB8924B1E2F9CFF00FA9129 /* Assets.xcassets in Resources */ = {isa = PBXBuildFile; fileRef = BFB8924A1E2F9CFF00FA9129 /* Assets.xcassets */; };
		BFB8924E1E2F9CFF00FA9129 /* LaunchScreen.storyboard in Resources */ = {isa = PBXBuildFile; fileRef = BFB8924C1E2F9CFF00FA9129 /* LaunchScreen.storyboard */; };
		BFF6BB9A1E40CED10000B243 /* MetalScope.framework in Frameworks */ = {isa = PBXBuildFile; fileRef = BFF6BB971E40CEC30000B243 /* MetalScope.framework */; };
		BFF6BB9B1E40CED10000B243 /* MetalScope.framework in Embed Frameworks */ = {isa = PBXBuildFile; fileRef = BFF6BB971E40CEC30000B243 /* MetalScope.framework */; settings = {ATTRIBUTES = (CodeSignOnCopy, RemoveHeadersOnCopy, ); }; };
/* End PBXBuildFile section */

/* Begin PBXContainerItemProxy section */
		BFF6BB961E40CEC30000B243 /* PBXContainerItemProxy */ = {
			isa = PBXContainerItemProxy;
			containerPortal = BFF6BB921E40CEC30000B243 /* MetalScope.xcodeproj */;
			proxyType = 2;
			remoteGlobalIDString = BFB891781E2E013400FA9129;
			remoteInfo = MetalScope;
		};
		BFF6BB981E40CECB0000B243 /* PBXContainerItemProxy */ = {
			isa = PBXContainerItemProxy;
			containerPortal = BFF6BB921E40CEC30000B243 /* MetalScope.xcodeproj */;
			proxyType = 1;
			remoteGlobalIDString = BFB891771E2E013400FA9129;
			remoteInfo = MetalScope;
		};
		BFF6BB9C1E40CED10000B243 /* PBXContainerItemProxy */ = {
			isa = PBXContainerItemProxy;
			containerPortal = BFF6BB921E40CEC30000B243 /* MetalScope.xcodeproj */;
			proxyType = 1;
			remoteGlobalIDString = BFB891771E2E013400FA9129;
			remoteInfo = MetalScope;
		};
/* End PBXContainerItemProxy section */

/* Begin PBXCopyFilesBuildPhase section */
		BFB892611E2F9D4600FA9129 /* Embed Frameworks */ = {
			isa = PBXCopyFilesBuildPhase;
			buildActionMask = 2147483647;
			dstPath = "";
			dstSubfolderSpec = 10;
			files = (
				BFF6BB9B1E40CED10000B243 /* MetalScope.framework in Embed Frameworks */,
			);
			name = "Embed Frameworks";
			runOnlyForDeploymentPostprocessing = 0;
		};
/* End PBXCopyFilesBuildPhase section */

/* Begin PBXFileReference section */
		BFB892401E2F9CFF00FA9129 /* MonoImage.app */ = {isa = PBXFileReference; explicitFileType = wrapper.application; includeInIndex = 0; path = MonoImage.app; sourceTree = BUILT_PRODUCTS_DIR; };
		BFB892431E2F9CFF00FA9129 /* AppDelegate.swift */ = {isa = PBXFileReference; lastKnownFileType = sourcecode.swift; lineEnding = 0; path = AppDelegate.swift; sourceTree = "<group>"; xcLanguageSpecificationIdentifier = xcode.lang.swift; };
		BFB892451E2F9CFF00FA9129 /* ViewController.swift */ = {isa = PBXFileReference; lastKnownFileType = sourcecode.swift; lineEnding = 0; path = ViewController.swift; sourceTree = "<group>"; xcLanguageSpecificationIdentifier = xcode.lang.swift; };
		BFB8924A1E2F9CFF00FA9129 /* Assets.xcassets */ = {isa = PBXFileReference; lastKnownFileType = folder.assetcatalog; path = Assets.xcassets; sourceTree = "<group>"; };
		BFB8924D1E2F9CFF00FA9129 /* Base */ = {isa = PBXFileReference; lastKnownFileType = file.storyboard; name = Base; path = Base.lproj/LaunchScreen.storyboard; sourceTree = "<group>"; };
		BFB8924F1E2F9CFF00FA9129 /* Info.plist */ = {isa = PBXFileReference; lastKnownFileType = text.plist.xml; path = Info.plist; sourceTree = "<group>"; };
		BFF6BB921E40CEC30000B243 /* MetalScope.xcodeproj */ = {isa = PBXFileReference; lastKnownFileType = "wrapper.pb-project"; name = MetalScope.xcodeproj; path = ../../MetalScope.xcodeproj; sourceTree = "<group>"; };
/* End PBXFileReference section */

/* Begin PBXFrameworksBuildPhase section */
		BFB8923D1E2F9CFF00FA9129 /* Frameworks */ = {
			isa = PBXFrameworksBuildPhase;
			buildActionMask = 2147483647;
			files = (
				BFF6BB9A1E40CED10000B243 /* MetalScope.framework in Frameworks */,
			);
			runOnlyForDeploymentPostprocessing = 0;
		};
/* End PBXFrameworksBuildPhase section */

/* Begin PBXGroup section */
		BFB892371E2F9CFF00FA9129 = {
			isa = PBXGroup;
			children = (
				BFB892421E2F9CFF00FA9129 /* Sources */,
				BFB892411E2F9CFF00FA9129 /* Products */,
				BFF6BB921E40CEC30000B243 /* MetalScope.xcodeproj */,
			);
			indentWidth = 4;
			sourceTree = "<group>";
			tabWidth = 4;
			usesTabs = 0;
			wrapsLines = 1;
		};
		BFB892411E2F9CFF00FA9129 /* Products */ = {
			isa = PBXGroup;
			children = (
				BFB892401E2F9CFF00FA9129 /* MonoImage.app */,
			);
			name = Products;
			sourceTree = "<group>";
		};
		BFB892421E2F9CFF00FA9129 /* Sources */ = {
			isa = PBXGroup;
			children = (
				BFB892431E2F9CFF00FA9129 /* AppDelegate.swift */,
				BFB892451E2F9CFF00FA9129 /* ViewController.swift */,
				BFB8924A1E2F9CFF00FA9129 /* Assets.xcassets */,
				BFB8924C1E2F9CFF00FA9129 /* LaunchScreen.storyboard */,
				BFB8924F1E2F9CFF00FA9129 /* Info.plist */,
			);
			path = Sources;
			sourceTree = "<group>";
		};
		BFF6BB931E40CEC30000B243 /* Products */ = {
			isa = PBXGroup;
			children = (
				BFF6BB971E40CEC30000B243 /* MetalScope.framework */,
			);
			name = Products;
			sourceTree = "<group>";
		};
/* End PBXGroup section */

/* Begin PBXNativeTarget section */
		BFB8923F1E2F9CFF00FA9129 /* MonoImage */ = {
			isa = PBXNativeTarget;
			buildConfigurationList = BFB892521E2F9CFF00FA9129 /* Build configuration list for PBXNativeTarget "MonoImage" */;
			buildPhases = (
				BFB8923C1E2F9CFF00FA9129 /* Sources */,
				BFB8923D1E2F9CFF00FA9129 /* Frameworks */,
				BFB8923E1E2F9CFF00FA9129 /* Resources */,
				BFB892611E2F9D4600FA9129 /* Embed Frameworks */,
			);
			buildRules = (
			);
			dependencies = (
				BFF6BB991E40CECB0000B243 /* PBXTargetDependency */,
				BFF6BB9D1E40CED10000B243 /* PBXTargetDependency */,
			);
			name = MonoImage;
			productName = MonoSphericalPhoto;
			productReference = BFB892401E2F9CFF00FA9129 /* MonoImage.app */;
			productType = "com.apple.product-type.application";
		};
/* End PBXNativeTarget section */

/* Begin PBXProject section */
		BFB892381E2F9CFF00FA9129 /* Project object */ = {
			isa = PBXProject;
			attributes = {
				LastSwiftUpdateCheck = 0820;
				LastUpgradeCheck = 0900;
				ORGANIZATIONNAME = "eje Inc.";
				TargetAttributes = {
					BFB8923F1E2F9CFF00FA9129 = {
						CreatedOnToolsVersion = 8.2.1;
						ProvisioningStyle = Automatic;
					};
				};
			};
			buildConfigurationList = BFB8923B1E2F9CFF00FA9129 /* Build configuration list for PBXProject "MonoImage" */;
			compatibilityVersion = "Xcode 3.2";
			developmentRegion = English;
			hasScannedForEncodings = 0;
			knownRegions = (
				en,
				Base,
			);
			mainGroup = BFB892371E2F9CFF00FA9129;
			productRefGroup = BFB892411E2F9CFF00FA9129 /* Products */;
			projectDirPath = "";
			projectReferences = (
				{
					ProductGroup = BFF6BB931E40CEC30000B243 /* Products */;
					ProjectRef = BFF6BB921E40CEC30000B243 /* MetalScope.xcodeproj */;
				},
			);
			projectRoot = "";
			targets = (
				BFB8923F1E2F9CFF00FA9129 /* MonoImage */,
			);
		};
/* End PBXProject section */

/* Begin PBXReferenceProxy section */
		BFF6BB971E40CEC30000B243 /* MetalScope.framework */ = {
			isa = PBXReferenceProxy;
			fileType = wrapper.framework;
			path = MetalScope.framework;
			remoteRef = BFF6BB961E40CEC30000B243 /* PBXContainerItemProxy */;
			sourceTree = BUILT_PRODUCTS_DIR;
		};
/* End PBXReferenceProxy section */

/* Begin PBXResourcesBuildPhase section */
		BFB8923E1E2F9CFF00FA9129 /* Resources */ = {
			isa = PBXResourcesBuildPhase;
			buildActionMask = 2147483647;
			files = (
				BFB8924E1E2F9CFF00FA9129 /* LaunchScreen.storyboard in Resources */,
				BFB8924B1E2F9CFF00FA9129 /* Assets.xcassets in Resources */,
			);
			runOnlyForDeploymentPostprocessing = 0;
		};
/* End PBXResourcesBuildPhase section */

/* Begin PBXSourcesBuildPhase section */
		BFB8923C1E2F9CFF00FA9129 /* Sources */ = {
			isa = PBXSourcesBuildPhase;
			buildActionMask = 2147483647;
			files = (
				BFB892461E2F9CFF00FA9129 /* ViewController.swift in Sources */,
				BFB892441E2F9CFF00FA9129 /* AppDelegate.swift in Sources */,
			);
			runOnlyForDeploymentPostprocessing = 0;
		};
/* End PBXSourcesBuildPhase section */

/* Begin PBXTargetDependency section */
		BFF6BB991E40CECB0000B243 /* PBXTargetDependency */ = {
			isa = PBXTargetDependency;
			name = MetalScope;
			targetProxy = BFF6BB981E40CECB0000B243 /* PBXContainerItemProxy */;
		};
		BFF6BB9D1E40CED10000B243 /* PBXTargetDependency */ = {
			isa = PBXTargetDependency;
			name = MetalScope;
			targetProxy = BFF6BB9C1E40CED10000B243 /* PBXContainerItemProxy */;
		};
/* End PBXTargetDependency section */

/* Begin PBXVariantGroup section */
		BFB8924C1E2F9CFF00FA9129 /* LaunchScreen.storyboard */ = {
			isa = PBXVariantGroup;
			children = (
				BFB8924D1E2F9CFF00FA9129 /* Base */,
			);
			name = LaunchScreen.storyboard;
			sourceTree = "<group>";
		};
/* End PBXVariantGroup section */

/* Begin XCBuildConfiguration section */
		BFB892501E2F9CFF00FA9129 /* Debug */ = {
			isa = XCBuildConfiguration;
			buildSettings = {
				ALWAYS_SEARCH_USER_PATHS = NO;
				CLANG_ANALYZER_NONNULL = YES;
				CLANG_CXX_LANGUAGE_STANDARD = "gnu++0x";
				CLANG_CXX_LIBRARY = "libc++";
				CLANG_ENABLE_MODULES = YES;
				CLANG_ENABLE_OBJC_ARC = YES;
				CLANG_WARN_BLOCK_CAPTURE_AUTORELEASING = YES;
				CLANG_WARN_BOOL_CONVERSION = YES;
				CLANG_WARN_COMMA = YES;
				CLANG_WARN_CONSTANT_CONVERSION = YES;
				CLANG_WARN_DIRECT_OBJC_ISA_USAGE = YES_ERROR;
				CLANG_WARN_DOCUMENTATION_COMMENTS = YES;
				CLANG_WARN_EMPTY_BODY = YES;
				CLANG_WARN_ENUM_CONVERSION = YES;
				CLANG_WARN_INFINITE_RECURSION = YES;
				CLANG_WARN_INT_CONVERSION = YES;
				CLANG_WARN_NON_LITERAL_NULL_CONVERSION = YES;
				CLANG_WARN_OBJC_LITERAL_CONVERSION = YES;
				CLANG_WARN_OBJC_ROOT_CLASS = YES_ERROR;
				CLANG_WARN_RANGE_LOOP_ANALYSIS = YES;
				CLANG_WARN_STRICT_PROTOTYPES = YES;
				CLANG_WARN_SUSPICIOUS_MOVE = YES;
				CLANG_WARN_UNREACHABLE_CODE = YES;
				CLANG_WARN__DUPLICATE_METHOD_MATCH = YES;
				"CODE_SIGN_IDENTITY[sdk=iphoneos*]" = "iPhone Developer";
				COPY_PHASE_STRIP = NO;
				DEBUG_INFORMATION_FORMAT = dwarf;
				ENABLE_STRICT_OBJC_MSGSEND = YES;
				ENABLE_TESTABILITY = YES;
				GCC_C_LANGUAGE_STANDARD = gnu99;
				GCC_DYNAMIC_NO_PIC = NO;
				GCC_NO_COMMON_BLOCKS = YES;
				GCC_OPTIMIZATION_LEVEL = 0;
				GCC_PREPROCESSOR_DEFINITIONS = (
					"DEBUG=1",
					"$(inherited)",
				);
				GCC_WARN_64_TO_32_BIT_CONVERSION = YES;
				GCC_WARN_ABOUT_RETURN_TYPE = YES_ERROR;
				GCC_WARN_UNDECLARED_SELECTOR = YES;
				GCC_WARN_UNINITIALIZED_AUTOS = YES_AGGRESSIVE;
				GCC_WARN_UNUSED_FUNCTION = YES;
				GCC_WARN_UNUSED_VARIABLE = YES;
				MTL_ENABLE_DEBUG_INFO = YES;
				ONLY_ACTIVE_ARCH = YES;
				SDKROOT = iphoneos;
				SWIFT_ACTIVE_COMPILATION_CONDITIONS = DEBUG;
				SWIFT_OPTIMIZATION_LEVEL = "-Onone";
			};
			name = Debug;
		};
		BFB892511E2F9CFF00FA9129 /* Release */ = {
			isa = XCBuildConfiguration;
			buildSettings = {
				ALWAYS_SEARCH_USER_PATHS = NO;
				CLANG_ANALYZER_NONNULL = YES;
				CLANG_CXX_LANGUAGE_STANDARD = "gnu++0x";
				CLANG_CXX_LIBRARY = "libc++";
				CLANG_ENABLE_MODULES = YES;
				CLANG_ENABLE_OBJC_ARC = YES;
				CLANG_WARN_BLOCK_CAPTURE_AUTORELEASING = YES;
				CLANG_WARN_BOOL_CONVERSION = YES;
				CLANG_WARN_COMMA = YES;
				CLANG_WARN_CONSTANT_CONVERSION = YES;
				CLANG_WARN_DIRECT_OBJC_ISA_USAGE = YES_ERROR;
				CLANG_WARN_DOCUMENTATION_COMMENTS = YES;
				CLANG_WARN_EMPTY_BODY = YES;
				CLANG_WARN_ENUM_CONVERSION = YES;
				CLANG_WARN_INFINITE_RECURSION = YES;
				CLANG_WARN_INT_CONVERSION = YES;
				CLANG_WARN_NON_LITERAL_NULL_CONVERSION = YES;
				CLANG_WARN_OBJC_LITERAL_CONVERSION = YES;
				CLANG_WARN_OBJC_ROOT_CLASS = YES_ERROR;
				CLANG_WARN_RANGE_LOOP_ANALYSIS = YES;
				CLANG_WARN_STRICT_PROTOTYPES = YES;
				CLANG_WARN_SUSPICIOUS_MOVE = YES;
				CLANG_WARN_UNREACHABLE_CODE = YES;
				CLANG_WARN__DUPLICATE_METHOD_MATCH = YES;
				"CODE_SIGN_IDENTITY[sdk=iphoneos*]" = "iPhone Developer";
				COPY_PHASE_STRIP = NO;
				DEBUG_INFORMATION_FORMAT = "dwarf-with-dsym";
				ENABLE_NS_ASSERTIONS = NO;
				ENABLE_STRICT_OBJC_MSGSEND = YES;
				GCC_C_LANGUAGE_STANDARD = gnu99;
				GCC_NO_COMMON_BLOCKS = YES;
				GCC_WARN_64_TO_32_BIT_CONVERSION = YES;
				GCC_WARN_ABOUT_RETURN_TYPE = YES_ERROR;
				GCC_WARN_UNDECLARED_SELECTOR = YES;
				GCC_WARN_UNINITIALIZED_AUTOS = YES_AGGRESSIVE;
				GCC_WARN_UNUSED_FUNCTION = YES;
				GCC_WARN_UNUSED_VARIABLE = YES;
				MTL_ENABLE_DEBUG_INFO = NO;
				SDKROOT = iphoneos;
				SWIFT_OPTIMIZATION_LEVEL = "-Owholemodule";
				VALIDATE_PRODUCT = YES;
			};
			name = Release;
		};
		BFB892531E2F9CFF00FA9129 /* Debug */ = {
			isa = XCBuildConfiguration;
			buildSettings = {
				ALWAYS_EMBED_SWIFT_STANDARD_LIBRARIES = YES;
				ASSETCATALOG_COMPILER_APPICON_NAME = AppIcon;
				DEVELOPMENT_TEAM = "";
				INFOPLIST_FILE = "$(SRCROOT)/Sources/Info.plist";
				IPHONEOS_DEPLOYMENT_TARGET = 9.0;
				LD_RUNPATH_SEARCH_PATHS = "$(inherited) @executable_path/Frameworks";
				PRODUCT_BUNDLE_IDENTIFIER = "com.eje-c.MetalScope.MonoImage";
				PRODUCT_NAME = "$(TARGET_NAME)";
				SWIFT_VERSION = 3.0;
				TARGETED_DEVICE_FAMILY = "1,2";
			};
			name = Debug;
		};
		BFB892541E2F9CFF00FA9129 /* Release */ = {
			isa = XCBuildConfiguration;
			buildSettings = {
				ALWAYS_EMBED_SWIFT_STANDARD_LIBRARIES = YES;
				ASSETCATALOG_COMPILER_APPICON_NAME = AppIcon;
				DEVELOPMENT_TEAM = "";
				INFOPLIST_FILE = "$(SRCROOT)/Sources/Info.plist";
				IPHONEOS_DEPLOYMENT_TARGET = 9.0;
				LD_RUNPATH_SEARCH_PATHS = "$(inherited) @executable_path/Frameworks";
				PRODUCT_BUNDLE_IDENTIFIER = "com.eje-c.MetalScope.MonoImage";
				PRODUCT_NAME = "$(TARGET_NAME)";
				SWIFT_VERSION = 3.0;
				TARGETED_DEVICE_FAMILY = "1,2";
			};
			name = Release;
		};
/* End XCBuildConfiguration section */

/* Begin XCConfigurationList section */
		BFB8923B1E2F9CFF00FA9129 /* Build configuration list for PBXProject "MonoImage" */ = {
			isa = XCConfigurationList;
			buildConfigurations = (
				BFB892501E2F9CFF00FA9129 /* Debug */,
				BFB892511E2F9CFF00FA9129 /* Release */,
			);
			defaultConfigurationIsVisible = 0;
			defaultConfigurationName = Release;
		};
		BFB892521E2F9CFF00FA9129 /* Build configuration list for PBXNativeTarget "MonoImage" */ = {
			isa = XCConfigurationList;
			buildConfigurations = (
				BFB892531E2F9CFF00FA9129 /* Debug */,
				BFB892541E2F9CFF00FA9129 /* Release */,
			);
			defaultConfigurationIsVisible = 0;
			defaultConfigurationName = Release;
		};
/* End XCConfigurationList section */
	};
	rootObject = BFB892381E2F9CFF00FA9129 /* Project object */;
}
